
Microsoft Visual Studio Solution File, Format Version 12.00
# Visual Studio Version 17
VisualStudioVersion = 17.1.32210.238
MinimumVisualStudioVersion = 10.0.40219.1
Project("{FAE04EC0-301F-11D3-BF4B-00C04F79EFBC}") = "ScaleAgents", "ScaleAgents\ScaleAgents.csproj", "{D679259C-8FA8-4778-A53D-3641BB4B620D}"
EndProject
Global
	GlobalSection(SolutionConfigurationPlatforms) = preSolution
		Debug|Any CPU = Debug|Any CPU
		Release|Any CPU = Release|Any CPU
	EndGlobalSection
	GlobalSection(ProjectConfigurationPlatforms) = postSolution
		{D679259C-8FA8-4778-A53D-3641BB4B620D}.Debug|Any CPU.ActiveCfg = Debug|Any CPU
		{D679259C-8FA8-4778-A53D-3641BB4B620D}.Debug|Any CPU.Build.0 = Debug|Any CPU
		{D679259C-8FA8-4778-A53D-3641BB4B620D}.Release|Any CPU.ActiveCfg = Release|Any CPU
		{D679259C-8FA8-4778-A53D-3641BB4B620D}.Release|Any CPU.Build.0 = Release|Any CPU
	EndGlobalSection
	GlobalSection(SolutionProperties) = preSolution
		HideSolutionNode = FALSE
	EndGlobalSection
	GlobalSection(ExtensibilityGlobals) = postSolution
		SolutionGuid = {FD4E8F56-1C84-4AAD-99D9-62964155C135}
	EndGlobalSection
EndGlobal
